
Microsoft Visual Studio Solution File, Format Version 11.00
# Visual Studio 2010
Project("{FAE04EC0-301F-11D3-BF4B-00C04F79EFBC}") = "Assembly-CSharp", "Assembly-CSharp.csproj", "{d6639b77-f079-7fcf-b29f-1cec88c02e30}"
EndProject
Project("{FAE04EC0-301F-11D3-BF4B-00C04F79EFBC}") = "PlayFab", "PlayFab.csproj", "{b9f0e9a6-c6b6-43da-cec9-63643b7a01ba}"
EndProject
Project("{FAE04EC0-301F-11D3-BF4B-00C04F79EFBC}") = "PlayFabEditorExtensions", "PlayFabEditorExtensions.csproj", "{6144d6a1-7c12-8633-2ad5-3768cc6d8a19}"
EndProject
Project("{FAE04EC0-301F-11D3-BF4B-00C04F79EFBC}") = "Assembly-CSharp-Editor", "Assembly-CSharp-Editor.csproj", "{34a55ed9-f611-cb36-0592-fc530193b7ae}"
EndProject
Project("{FAE04EC0-301F-11D3-BF4B-00C04F79EFBC}") = "PlayFabSDKEditor", "PlayFabSDKEditor.csproj", "{ad7a1e5d-63fd-4c02-f3b9-6b9fb9fd50f6}"
EndProject
Global
	GlobalSection(SolutionConfigurationPlatforms) = preSolution
		Debug|Any CPU = Debug|Any CPU
	EndGlobalSection
	GlobalSection(ProjectConfigurationPlatforms) = postSolution
		{d6639b77-f079-7fcf-b29f-1cec88c02e30}.Debug|Any CPU.ActiveCfg = Debug|Any CPU
		{d6639b77-f079-7fcf-b29f-1cec88c02e30}.Debug|Any CPU.Build.0 = Debug|Any CPU
		{b9f0e9a6-c6b6-43da-cec9-63643b7a01ba}.Debug|Any CPU.ActiveCfg = Debug|Any CPU
		{b9f0e9a6-c6b6-43da-cec9-63643b7a01ba}.Debug|Any CPU.Build.0 = Debug|Any CPU
		{6144d6a1-7c12-8633-2ad5-3768cc6d8a19}.Debug|Any CPU.ActiveCfg = Debug|Any CPU
		{6144d6a1-7c12-8633-2ad5-3768cc6d8a19}.Debug|Any CPU.Build.0 = Debug|Any CPU
		{34a55ed9-f611-cb36-0592-fc530193b7ae}.Debug|Any CPU.ActiveCfg = Debug|Any CPU
		{34a55ed9-f611-cb36-0592-fc530193b7ae}.Debug|Any CPU.Build.0 = Debug|Any CPU
		{ad7a1e5d-63fd-4c02-f3b9-6b9fb9fd50f6}.Debug|Any CPU.ActiveCfg = Debug|Any CPU
		{ad7a1e5d-63fd-4c02-f3b9-6b9fb9fd50f6}.Debug|Any CPU.Build.0 = Debug|Any CPU
	EndGlobalSection
	GlobalSection(SolutionProperties) = preSolution
		HideSolutionNode = FALSE
	EndGlobalSection
EndGlobal
